
Microsoft Visual Studio Solution File, Format Version 12.00
# Visual Studio Express 2012 for Web
Project("{FAE04EC0-301F-11D3-BF4B-00C04F79EFBC}") = "NewsApplication", "NewsApplication\NewsApplication.csproj", "{1B9A0717-426C-41CB-BD52-CBA545EEA058}"
EndProject
Global
	GlobalSection(SolutionConfigurationPlatforms) = preSolution
		Debug|Any CPU = Debug|Any CPU
		Release|Any CPU = Release|Any CPU
	EndGlobalSection
	GlobalSection(ProjectConfigurationPlatforms) = postSolution
		{1B9A0717-426C-41CB-BD52-CBA545EEA058}.Debug|Any CPU.ActiveCfg = Debug|Any CPU
		{1B9A0717-426C-41CB-BD52-CBA545EEA058}.Debug|Any CPU.Build.0 = Debug|Any CPU
		{1B9A0717-426C-41CB-BD52-CBA545EEA058}.Release|Any CPU.ActiveCfg = Release|Any CPU
		{1B9A0717-426C-41CB-BD52-CBA545EEA058}.Release|Any CPU.Build.0 = Release|Any CPU
	EndGlobalSection
	GlobalSection(SolutionProperties) = preSolution
		HideSolutionNode = FALSE
	EndGlobalSection
EndGlobal
